# This file is automatically @generated by Cargo.
# It is not intended for manual editing.
version = 3

[[package]]
name = "cc"
version = "1.0.97"
source = "registry+https://github.com/rust-lang/crates.io-index"
checksum = "099a5357d84c4c61eb35fc8eafa9a79a902c2f76911e5747ced4e032edd8d9b4"

[[package]]
name = "cfg-if"
version = "1.0.0"
source = "registry+https://github.com/rust-lang/crates.io-index"
checksum = "baf1de4339761588bc0619e3cbc0120ee582ebb74b53b4efbf79117bd2da40fd"

[[package]]
name = "hapticslib"
version = "0.1.0"
dependencies = [
 "mlua-sys",
]

[[package]]
name = "mlua-sys"
version = "0.5.2"
source = "registry+https://github.com/rust-lang/crates.io-index"
checksum = "d16a9ba1dd2c6ac971b204262d434c24d65067038598f0638b64e5dca28d52b8"
dependencies = [
 "cc",
 "cfg-if",
 "pkg-config",
]

[[package]]
name = "pkg-config"
version = "0.3.30"
source = "registry+https://github.com/rust-lang/crates.io-index"
checksum = "d231b230927b5e4ad203db57bbcbee2802f6bce620b1e4a9024a07d94e2907ec"
